
Microsoft Visual Studio Solution File, Format Version 12.00
# Visual Studio Version 17
VisualStudioVersion = 17.0.31903.59
MinimumVisualStudioVersion = 10.0.40219.1
Project("{FAE04EC0-301F-11D3-BF4B-00C04F79EFBC}") = "MpWallet.Currencies", "MpWallet.Currencies\MpWallet.Currencies.csproj", "{217164F7-8F27-4CB2-8C3E-1856A871C72B}"
EndProject
Project("{FAE04EC0-301F-11D3-BF4B-00C04F79EFBC}") = "MpWallet.ExchangeRates", "MpWallet.ExchangeRates\MpWallet.ExchangeRates.csproj", "{93A2886D-B557-41AB-B997-919B29B09522}"
EndProject
Project("{FAE04EC0-301F-11D3-BF4B-00C04F79EFBC}") = "MpWallet.ExchangeRates.Abstractions", "MpWallet.ExchangeRates.Abstractions\MpWallet.ExchangeRates.Abstractions.csproj", "{E109E5D6-87F4-4870-B86B-A1D4F01F4C9C}"
EndProject
Project("{FAE04EC0-301F-11D3-BF4B-00C04F79EFBC}") = "MpWallet.Results", "MpWallet.Results\MpWallet.Results.csproj", "{4E43A7E1-8B4B-41DF-AD69-1CF8AFA04F87}"
EndProject
Project("{FAE04EC0-301F-11D3-BF4B-00C04F79EFBC}") = "MpWallet.ExchangeRates.DependencyInjection.Microsoft", "MpWallet.ExchangeRates.DependencyInjection.Microsoft\MpWallet.ExchangeRates.DependencyInjection.Microsoft.csproj", "{59737A3E-EA3B-4543-BCB4-8899A27D66D6}"
EndProject
Project("{FAE04EC0-301F-11D3-BF4B-00C04F79EFBC}") = "MpWallet.ExchangeRates.Getters.CBR", "MpWallet.ExchangeRates.Getters.CBR\MpWallet.ExchangeRates.Getters.CBR.csproj", "{0631DFAD-C29E-44A6-A629-EED1474EFD67}"
EndProject
Project("{FAE04EC0-301F-11D3-BF4B-00C04F79EFBC}") = "MpWallet.CBR.Client", "MpWallet.CBR.Client\MpWallet.CBR.Client.csproj", "{1CC1EE05-3ED9-4176-B09D-7801D916E854}"
EndProject
Project("{FAE04EC0-301F-11D3-BF4B-00C04F79EFBC}") = "MpWallet.SoapClient", "MpWallet.SoapClient\MpWallet.SoapClient.csproj", "{90863739-5DE8-43B3-8233-242EFB17590E}"
EndProject
Project("{FAE04EC0-301F-11D3-BF4B-00C04F79EFBC}") = "MpWallet.SoapClient.IntegrationTests", "MpWallet.SoapClient.IntegrationTests\MpWallet.SoapClient.IntegrationTests.csproj", "{724D77F1-101B-4191-AC7B-22E0BE081CAA}"
EndProject
Project("{FAE04EC0-301F-11D3-BF4B-00C04F79EFBC}") = "MpWallet.CBR.Client.IntegrationTests", "MpWallet.CBR.Client.IntegrationTests\MpWallet.CBR.Client.IntegrationTests.csproj", "{AADD8892-3F45-4589-AC16-18F76C677C37}"
EndProject
Project("{FAE04EC0-301F-11D3-BF4B-00C04F79EFBC}") = "MpWallet.Time", "MpWallet.Time\MpWallet.Time.csproj", "{6F34561D-FB5E-4F36-B0F0-598508B4FD75}"
EndProject
Project("{FAE04EC0-301F-11D3-BF4B-00C04F79EFBC}") = "MpWallet.ExchangeRates.Getters.CBR.IntegrationTests", "MpWallet.ExchangeRates.Getters.CBR.IntegrationTests\MpWallet.ExchangeRates.Getters.CBR.IntegrationTests.csproj", "{F303B514-1FE5-49DF-A141-18EF9D47AC55}"
EndProject
Project("{FAE04EC0-301F-11D3-BF4B-00C04F79EFBC}") = "MpWallet.Money", "MpWallet.Money\MpWallet.Money.csproj", "{455352F8-AF1B-4609-B3ED-F13A1F09C0AF}"
EndProject
Project("{FAE04EC0-301F-11D3-BF4B-00C04F79EFBC}") = "MpWallet.Money.Tests", "MpWallet.Money.Tests\MpWallet.Money.Tests.csproj", "{CF1AA10E-7913-4512-A2B4-DDE59C4EE16C}"
EndProject
Global
	GlobalSection(SolutionConfigurationPlatforms) = preSolution
		Debug|Any CPU = Debug|Any CPU
		Release|Any CPU = Release|Any CPU
	EndGlobalSection
	GlobalSection(SolutionProperties) = preSolution
		HideSolutionNode = FALSE
	EndGlobalSection
	GlobalSection(ProjectConfigurationPlatforms) = postSolution
		{217164F7-8F27-4CB2-8C3E-1856A871C72B}.Debug|Any CPU.ActiveCfg = Debug|Any CPU
		{217164F7-8F27-4CB2-8C3E-1856A871C72B}.Debug|Any CPU.Build.0 = Debug|Any CPU
		{217164F7-8F27-4CB2-8C3E-1856A871C72B}.Release|Any CPU.ActiveCfg = Release|Any CPU
		{217164F7-8F27-4CB2-8C3E-1856A871C72B}.Release|Any CPU.Build.0 = Release|Any CPU
		{93A2886D-B557-41AB-B997-919B29B09522}.Debug|Any CPU.ActiveCfg = Debug|Any CPU
		{93A2886D-B557-41AB-B997-919B29B09522}.Debug|Any CPU.Build.0 = Debug|Any CPU
		{93A2886D-B557-41AB-B997-919B29B09522}.Release|Any CPU.ActiveCfg = Release|Any CPU
		{93A2886D-B557-41AB-B997-919B29B09522}.Release|Any CPU.Build.0 = Release|Any CPU
		{E109E5D6-87F4-4870-B86B-A1D4F01F4C9C}.Debug|Any CPU.ActiveCfg = Debug|Any CPU
		{E109E5D6-87F4-4870-B86B-A1D4F01F4C9C}.Debug|Any CPU.Build.0 = Debug|Any CPU
		{E109E5D6-87F4-4870-B86B-A1D4F01F4C9C}.Release|Any CPU.ActiveCfg = Release|Any CPU
		{E109E5D6-87F4-4870-B86B-A1D4F01F4C9C}.Release|Any CPU.Build.0 = Release|Any CPU
		{4E43A7E1-8B4B-41DF-AD69-1CF8AFA04F87}.Debug|Any CPU.ActiveCfg = Debug|Any CPU
		{4E43A7E1-8B4B-41DF-AD69-1CF8AFA04F87}.Debug|Any CPU.Build.0 = Debug|Any CPU
		{4E43A7E1-8B4B-41DF-AD69-1CF8AFA04F87}.Release|Any CPU.ActiveCfg = Release|Any CPU
		{4E43A7E1-8B4B-41DF-AD69-1CF8AFA04F87}.Release|Any CPU.Build.0 = Release|Any CPU
		{59737A3E-EA3B-4543-BCB4-8899A27D66D6}.Debug|Any CPU.ActiveCfg = Debug|Any CPU
		{59737A3E-EA3B-4543-BCB4-8899A27D66D6}.Debug|Any CPU.Build.0 = Debug|Any CPU
		{59737A3E-EA3B-4543-BCB4-8899A27D66D6}.Release|Any CPU.ActiveCfg = Release|Any CPU
		{59737A3E-EA3B-4543-BCB4-8899A27D66D6}.Release|Any CPU.Build.0 = Release|Any CPU
		{0631DFAD-C29E-44A6-A629-EED1474EFD67}.Debug|Any CPU.ActiveCfg = Debug|Any CPU
		{0631DFAD-C29E-44A6-A629-EED1474EFD67}.Debug|Any CPU.Build.0 = Debug|Any CPU
		{0631DFAD-C29E-44A6-A629-EED1474EFD67}.Release|Any CPU.ActiveCfg = Release|Any CPU
		{0631DFAD-C29E-44A6-A629-EED1474EFD67}.Release|Any CPU.Build.0 = Release|Any CPU
		{1CC1EE05-3ED9-4176-B09D-7801D916E854}.Debug|Any CPU.ActiveCfg = Debug|Any CPU
		{1CC1EE05-3ED9-4176-B09D-7801D916E854}.Debug|Any CPU.Build.0 = Debug|Any CPU
		{1CC1EE05-3ED9-4176-B09D-7801D916E854}.Release|Any CPU.ActiveCfg = Release|Any CPU
		{1CC1EE05-3ED9-4176-B09D-7801D916E854}.Release|Any CPU.Build.0 = Release|Any CPU
		{90863739-5DE8-43B3-8233-242EFB17590E}.Debug|Any CPU.ActiveCfg = Debug|Any CPU
		{90863739-5DE8-43B3-8233-242EFB17590E}.Debug|Any CPU.Build.0 = Debug|Any CPU
		{90863739-5DE8-43B3-8233-242EFB17590E}.Release|Any CPU.ActiveCfg = Release|Any CPU
		{90863739-5DE8-43B3-8233-242EFB17590E}.Release|Any CPU.Build.0 = Release|Any CPU
		{724D77F1-101B-4191-AC7B-22E0BE081CAA}.Debug|Any CPU.ActiveCfg = Debug|Any CPU
		{724D77F1-101B-4191-AC7B-22E0BE081CAA}.Debug|Any CPU.Build.0 = Debug|Any CPU
		{724D77F1-101B-4191-AC7B-22E0BE081CAA}.Release|Any CPU.ActiveCfg = Release|Any CPU
		{724D77F1-101B-4191-AC7B-22E0BE081CAA}.Release|Any CPU.Build.0 = Release|Any CPU
		{AADD8892-3F45-4589-AC16-18F76C677C37}.Debug|Any CPU.ActiveCfg = Debug|Any CPU
		{AADD8892-3F45-4589-AC16-18F76C677C37}.Debug|Any CPU.Build.0 = Debug|Any CPU
		{AADD8892-3F45-4589-AC16-18F76C677C37}.Release|Any CPU.ActiveCfg = Release|Any CPU
		{AADD8892-3F45-4589-AC16-18F76C677C37}.Release|Any CPU.Build.0 = Release|Any CPU
		{6F34561D-FB5E-4F36-B0F0-598508B4FD75}.Debug|Any CPU.ActiveCfg = Debug|Any CPU
		{6F34561D-FB5E-4F36-B0F0-598508B4FD75}.Debug|Any CPU.Build.0 = Debug|Any CPU
		{6F34561D-FB5E-4F36-B0F0-598508B4FD75}.Release|Any CPU.ActiveCfg = Release|Any CPU
		{6F34561D-FB5E-4F36-B0F0-598508B4FD75}.Release|Any CPU.Build.0 = Release|Any CPU
		{F303B514-1FE5-49DF-A141-18EF9D47AC55}.Debug|Any CPU.ActiveCfg = Debug|Any CPU
		{F303B514-1FE5-49DF-A141-18EF9D47AC55}.Debug|Any CPU.Build.0 = Debug|Any CPU
		{F303B514-1FE5-49DF-A141-18EF9D47AC55}.Release|Any CPU.ActiveCfg = Release|Any CPU
		{F303B514-1FE5-49DF-A141-18EF9D47AC55}.Release|Any CPU.Build.0 = Release|Any CPU
		{455352F8-AF1B-4609-B3ED-F13A1F09C0AF}.Debug|Any CPU.ActiveCfg = Debug|Any CPU
		{455352F8-AF1B-4609-B3ED-F13A1F09C0AF}.Debug|Any CPU.Build.0 = Debug|Any CPU
		{455352F8-AF1B-4609-B3ED-F13A1F09C0AF}.Release|Any CPU.ActiveCfg = Release|Any CPU
		{455352F8-AF1B-4609-B3ED-F13A1F09C0AF}.Release|Any CPU.Build.0 = Release|Any CPU
		{CF1AA10E-7913-4512-A2B4-DDE59C4EE16C}.Debug|Any CPU.ActiveCfg = Debug|Any CPU
		{CF1AA10E-7913-4512-A2B4-DDE59C4EE16C}.Debug|Any CPU.Build.0 = Debug|Any CPU
		{CF1AA10E-7913-4512-A2B4-DDE59C4EE16C}.Release|Any CPU.ActiveCfg = Release|Any CPU
		{CF1AA10E-7913-4512-A2B4-DDE59C4EE16C}.Release|Any CPU.Build.0 = Release|Any CPU
	EndGlobalSection
EndGlobal
