
Microsoft Visual Studio Solution File, Format Version 12.00
# Visual Studio Version 17
VisualStudioVersion = 17.0.31903.59
MinimumVisualStudioVersion = 10.0.40219.1
Project("{FAE04EC0-301F-11D3-BF4B-00C04F79EFBC}") = "MpWallet.Expressions", "MpWallet.Expressions\MpWallet.Expressions.csproj", "{E912BFC5-C483-45AB-848E-F0A7F8472000}"
EndProject
Project("{FAE04EC0-301F-11D3-BF4B-00C04F79EFBC}") = "MpWallet.Expressions.UnitTests", "MpWallet.Expressions.UnitTests\MpWallet.Expressions.UnitTests.csproj", "{2111137F-DFBF-4B66-9953-6AF9556635F7}"
EndProject
Project("{FAE04EC0-301F-11D3-BF4B-00C04F79EFBC}") = "MpWallet.Currencies", "MpWallet.Currencies\MpWallet.Currencies.csproj", "{05F1BACC-2229-4B79-A0AF-51044A9BC594}"
EndProject
Global
	GlobalSection(SolutionConfigurationPlatforms) = preSolution
		Debug|Any CPU = Debug|Any CPU
		Release|Any CPU = Release|Any CPU
	EndGlobalSection
	GlobalSection(SolutionProperties) = preSolution
		HideSolutionNode = FALSE
	EndGlobalSection
	GlobalSection(ProjectConfigurationPlatforms) = postSolution
		{E912BFC5-C483-45AB-848E-F0A7F8472000}.Debug|Any CPU.ActiveCfg = Debug|Any CPU
		{E912BFC5-C483-45AB-848E-F0A7F8472000}.Debug|Any CPU.Build.0 = Debug|Any CPU
		{E912BFC5-C483-45AB-848E-F0A7F8472000}.Release|Any CPU.ActiveCfg = Release|Any CPU
		{E912BFC5-C483-45AB-848E-F0A7F8472000}.Release|Any CPU.Build.0 = Release|Any CPU
		{2111137F-DFBF-4B66-9953-6AF9556635F7}.Debug|Any CPU.ActiveCfg = Debug|Any CPU
		{2111137F-DFBF-4B66-9953-6AF9556635F7}.Debug|Any CPU.Build.0 = Debug|Any CPU
		{2111137F-DFBF-4B66-9953-6AF9556635F7}.Release|Any CPU.ActiveCfg = Release|Any CPU
		{2111137F-DFBF-4B66-9953-6AF9556635F7}.Release|Any CPU.Build.0 = Release|Any CPU
		{05F1BACC-2229-4B79-A0AF-51044A9BC594}.Debug|Any CPU.ActiveCfg = Debug|Any CPU
		{05F1BACC-2229-4B79-A0AF-51044A9BC594}.Debug|Any CPU.Build.0 = Debug|Any CPU
		{05F1BACC-2229-4B79-A0AF-51044A9BC594}.Release|Any CPU.ActiveCfg = Release|Any CPU
		{05F1BACC-2229-4B79-A0AF-51044A9BC594}.Release|Any CPU.Build.0 = Release|Any CPU
	EndGlobalSection
EndGlobal
